
Microsoft Visual Studio Solution File, Format Version 11.00
# Visual Studio 2010
Project("{FAE04EC0-301F-11D3-BF4B-00C04F79EFBC}") = "ManagedSpy", "ManagedSpy\ManagedSpy.csproj", "{540719F7-67E9-4197-870C-25514179C415}"
EndProject
Project("{8BC9CEB8-8B4A-11D0-8D11-00A0C91BC942}") = "ManagedSpyLib", "ManagedSpyLib\ManagedSpyLib.vcxproj", "{F891D0A7-6FD3-4F28-A601-F371C18D8F3A}"
EndProject
Global
	GlobalSection(SolutionConfigurationPlatforms) = preSolution
		Debug|Any CPU = Debug|Any CPU
		Debug|Mixed Platforms = Debug|Mixed Platforms
		Debug|Win32 = Debug|Win32
		Debug|x86 = Debug|x86
		Release|Any CPU = Release|Any CPU
		Release|Mixed Platforms = Release|Mixed Platforms
		Release|Win32 = Release|Win32
		Release|x86 = Release|x86
	EndGlobalSection
	GlobalSection(ProjectConfigurationPlatforms) = postSolution
		{540719F7-67E9-4197-870C-25514179C415}.Debug|Any CPU.ActiveCfg = Debug|Any CPU
		{540719F7-67E9-4197-870C-25514179C415}.Debug|Any CPU.Build.0 = Debug|Any CPU
		{540719F7-67E9-4197-870C-25514179C415}.Debug|Mixed Platforms.ActiveCfg = Debug|Any CPU
		{540719F7-67E9-4197-870C-25514179C415}.Debug|Mixed Platforms.Build.0 = Debug|Any CPU
		{540719F7-67E9-4197-870C-25514179C415}.Debug|Win32.ActiveCfg = Debug|Any CPU
		{540719F7-67E9-4197-870C-25514179C415}.Debug|x86.ActiveCfg = Debug|x86
		{540719F7-67E9-4197-870C-25514179C415}.Debug|x86.Build.0 = Debug|x86
		{540719F7-67E9-4197-870C-25514179C415}.Release|Any CPU.ActiveCfg = Release|Any CPU
		{540719F7-67E9-4197-870C-25514179C415}.Release|Any CPU.Build.0 = Release|Any CPU
		{540719F7-67E9-4197-870C-25514179C415}.Release|Mixed Platforms.ActiveCfg = Release|Any CPU
		{540719F7-67E9-4197-870C-25514179C415}.Release|Mixed Platforms.Build.0 = Release|Any CPU
		{540719F7-67E9-4197-870C-25514179C415}.Release|Win32.ActiveCfg = Release|Any CPU
		{540719F7-67E9-4197-870C-25514179C415}.Release|x86.ActiveCfg = Release|x86
		{540719F7-67E9-4197-870C-25514179C415}.Release|x86.Build.0 = Release|x86
		{F891D0A7-6FD3-4F28-A601-F371C18D8F3A}.Debug|Any CPU.ActiveCfg = Debug|Win32
		{F891D0A7-6FD3-4F28-A601-F371C18D8F3A}.Debug|Mixed Platforms.ActiveCfg = Debug|Win32
		{F891D0A7-6FD3-4F28-A601-F371C18D8F3A}.Debug|Mixed Platforms.Build.0 = Debug|Win32
		{F891D0A7-6FD3-4F28-A601-F371C18D8F3A}.Debug|Win32.ActiveCfg = Debug|Win32
		{F891D0A7-6FD3-4F28-A601-F371C18D8F3A}.Debug|Win32.Build.0 = Debug|Win32
		{F891D0A7-6FD3-4F28-A601-F371C18D8F3A}.Debug|x86.ActiveCfg = Debug|Win32
		{F891D0A7-6FD3-4F28-A601-F371C18D8F3A}.Debug|x86.Build.0 = Debug|Win32
		{F891D0A7-6FD3-4F28-A601-F371C18D8F3A}.Release|Any CPU.ActiveCfg = Release|Win32
		{F891D0A7-6FD3-4F28-A601-F371C18D8F3A}.Release|Mixed Platforms.ActiveCfg = Release|Win32
		{F891D0A7-6FD3-4F28-A601-F371C18D8F3A}.Release|Mixed Platforms.Build.0 = Release|Win32
		{F891D0A7-6FD3-4F28-A601-F371C18D8F3A}.Release|Win32.ActiveCfg = Release|Win32
		{F891D0A7-6FD3-4F28-A601-F371C18D8F3A}.Release|Win32.Build.0 = Release|Win32
		{F891D0A7-6FD3-4F28-A601-F371C18D8F3A}.Release|x86.ActiveCfg = Release|Win32
	EndGlobalSection
	GlobalSection(SolutionProperties) = preSolution
		HideSolutionNode = FALSE
	EndGlobalSection
EndGlobal
